
Microsoft Visual Studio Solution File, Format Version 12.00
# Visual Studio Version 17
VisualStudioVersion = 17.9.34701.34
MinimumVisualStudioVersion = 10.0.40219.1
Project("{FAE04EC0-301F-11D3-BF4B-00C04F79EFBC}") = "BasitUygulama", "BasitUygulama\BasitUygulama.csproj", "{832D8C89-0421-4426-9F74-CE02EAF453FD}"
EndProject
Global
	GlobalSection(SolutionConfigurationPlatforms) = preSolution
		Debug|Any CPU = Debug|Any CPU
		Release|Any CPU = Release|Any CPU
	EndGlobalSection
	GlobalSection(ProjectConfigurationPlatforms) = postSolution
		{832D8C89-0421-4426-9F74-CE02EAF453FD}.Debug|Any CPU.ActiveCfg = Debug|Any CPU
		{832D8C89-0421-4426-9F74-CE02EAF453FD}.Debug|Any CPU.Build.0 = Debug|Any CPU
		{832D8C89-0421-4426-9F74-CE02EAF453FD}.Release|Any CPU.ActiveCfg = Release|Any CPU
		{832D8C89-0421-4426-9F74-CE02EAF453FD}.Release|Any CPU.Build.0 = Release|Any CPU
	EndGlobalSection
	GlobalSection(SolutionProperties) = preSolution
		HideSolutionNode = FALSE
	EndGlobalSection
	GlobalSection(ExtensibilityGlobals) = postSolution
		SolutionGuid = {BD6F3A1F-D372-41B9-96F6-0050584B1E9E}
	EndGlobalSection
EndGlobal
